
Microsoft Visual Studio Solution File, Format Version 12.00
# Visual Studio Version 17
VisualStudioVersion = 17.9.34714.143
MinimumVisualStudioVersion = 10.0.40219.1
Project("{FAE04EC0-301F-11D3-BF4B-00C04F79EFBC}") = "TrabalhoMarcos", "TrabalhoMarcos\TrabalhoMarcos.csproj", "{35742719-C6B1-4A29-B01A-F2D81B73BFCC}"
EndProject
Global
	GlobalSection(SolutionConfigurationPlatforms) = preSolution
		Debug|Any CPU = Debug|Any CPU
		Release|Any CPU = Release|Any CPU
	EndGlobalSection
	GlobalSection(ProjectConfigurationPlatforms) = postSolution
		{35742719-C6B1-4A29-B01A-F2D81B73BFCC}.Debug|Any CPU.ActiveCfg = Debug|Any CPU
		{35742719-C6B1-4A29-B01A-F2D81B73BFCC}.Debug|Any CPU.Build.0 = Debug|Any CPU
		{35742719-C6B1-4A29-B01A-F2D81B73BFCC}.Release|Any CPU.ActiveCfg = Release|Any CPU
		{35742719-C6B1-4A29-B01A-F2D81B73BFCC}.Release|Any CPU.Build.0 = Release|Any CPU
	EndGlobalSection
	GlobalSection(SolutionProperties) = preSolution
		HideSolutionNode = FALSE
	EndGlobalSection
	GlobalSection(ExtensibilityGlobals) = postSolution
		SolutionGuid = {7B7B71FC-3EBD-4299-BB75-3FE77D0EAF12}
	EndGlobalSection
EndGlobal
